
Microsoft Visual Studio Solution File, Format Version 12.00
# Visual Studio Version 17
VisualStudioVersion = 17.6.33829.357
MinimumVisualStudioVersion = 10.0.40219.1
Project("{FAE04EC0-301F-11D3-BF4B-00C04F79EFBC}") = "Estoque", "Estoque.csproj", "{E2942B17-6BD4-40E1-B2B4-591619D65C9A}"
EndProject
Global
	GlobalSection(SolutionConfigurationPlatforms) = preSolution
		Debug|Any CPU = Debug|Any CPU
		Release|Any CPU = Release|Any CPU
	EndGlobalSection
	GlobalSection(ProjectConfigurationPlatforms) = postSolution
		{E2942B17-6BD4-40E1-B2B4-591619D65C9A}.Debug|Any CPU.ActiveCfg = Debug|Any CPU
		{E2942B17-6BD4-40E1-B2B4-591619D65C9A}.Debug|Any CPU.Build.0 = Debug|Any CPU
		{E2942B17-6BD4-40E1-B2B4-591619D65C9A}.Release|Any CPU.ActiveCfg = Release|Any CPU
		{E2942B17-6BD4-40E1-B2B4-591619D65C9A}.Release|Any CPU.Build.0 = Release|Any CPU
	EndGlobalSection
	GlobalSection(SolutionProperties) = preSolution
		HideSolutionNode = FALSE
	EndGlobalSection
	GlobalSection(ExtensibilityGlobals) = postSolution
		SolutionGuid = {4992ACA6-6266-4C22-86FC-51AE49284D1F}
	EndGlobalSection
EndGlobal
